Microsoft Visual Studio Solution File, Format Version 12.00
# Visual Studio Version 17
VisualStudioVersion = 17.5.2.0
MinimumVisualStudioVersion = 10.0.40219.1
Project("{FAE04EC0-301F-11D3-BF4B-00C04F79EFBC}") = "Git", "Git\Git.csproj", "{02C1DA8B-C788-9B08-1FD3-E896954B2AD4}"
EndProject
Project("{FAE04EC0-301F-11D3-BF4B-00C04F79EFBC}") = "Git.Core", "Git.Core\Git.Core.csproj", "{6DE70875-C56F-728E-2F4E-E8674F856EBD}"
EndProject
Project("{FAE04EC0-301F-11D3-BF4B-00C04F79EFBC}") = "Git.Test", "Git.Test\Git.Test.csproj", "{5EAD904F-83BD-A9E8-E191-A24AFC48200B}"
EndProject
Global
	GlobalSection(SolutionConfigurationPlatforms) = preSolution
		Debug|Any CPU = Debug|Any CPU
		Release|Any CPU = Release|Any CPU
	EndGlobalSection
	GlobalSection(ProjectConfigurationPlatforms) = postSolution
		{02C1DA8B-C788-9B08-1FD3-E896954B2AD4}.Debug|Any CPU.ActiveCfg = Debug|Any CPU
		{02C1DA8B-C788-9B08-1FD3-E896954B2AD4}.Debug|Any CPU.Build.0 = Debug|Any CPU
		{02C1DA8B-C788-9B08-1FD3-E896954B2AD4}.Release|Any CPU.ActiveCfg = Release|Any CPU
		{02C1DA8B-C788-9B08-1FD3-E896954B2AD4}.Release|Any CPU.Build.0 = Release|Any CPU
		{6DE70875-C56F-728E-2F4E-E8674F856EBD}.Debug|Any CPU.ActiveCfg = Debug|Any CPU
		{6DE70875-C56F-728E-2F4E-E8674F856EBD}.Debug|Any CPU.Build.0 = Debug|Any CPU
		{6DE70875-C56F-728E-2F4E-E8674F856EBD}.Release|Any CPU.ActiveCfg = Release|Any CPU
		{6DE70875-C56F-728E-2F4E-E8674F856EBD}.Release|Any CPU.Build.0 = Release|Any CPU
		{5EAD904F-83BD-A9E8-E191-A24AFC48200B}.Debug|Any CPU.ActiveCfg = Debug|Any CPU
		{5EAD904F-83BD-A9E8-E191-A24AFC48200B}.Debug|Any CPU.Build.0 = Debug|Any CPU
		{5EAD904F-83BD-A9E8-E191-A24AFC48200B}.Release|Any CPU.ActiveCfg = Release|Any CPU
		{5EAD904F-83BD-A9E8-E191-A24AFC48200B}.Release|Any CPU.Build.0 = Release|Any CPU
	EndGlobalSection
	GlobalSection(SolutionProperties) = preSolution
		HideSolutionNode = FALSE
	EndGlobalSection
	GlobalSection(ExtensibilityGlobals) = postSolution
		SolutionGuid = {D72EF317-9C48-4435-850F-5366EF07A212}
	EndGlobalSection
EndGlobal
